
Microsoft Visual Studio Solution File, Format Version 12.00
# Visual Studio 15
Project("{FAE04EC0-301F-11D3-BF4B-00C04F79EFBC}") = "Assembly-CSharp", "Assembly-CSharp.csproj", "{92F99EF2-C34B-C13F-E840-53AB949BBA76}"
EndProject
Project("{FAE04EC0-301F-11D3-BF4B-00C04F79EFBC}") = "Assembly-CSharp-firstpass", "Assembly-CSharp-firstpass.csproj", "{AAF70437-5CCF-8689-65D8-5D13FB43B5AD}"
EndProject
Project("{FAE04EC0-301F-11D3-BF4B-00C04F79EFBC}") = "Assembly-CSharp-Editor-firstpass", "Assembly-CSharp-Editor-firstpass.csproj", "{FA39FDC7-D43B-5FEC-DE4A-662A037DE886}"
EndProject
Global
	GlobalSection(SolutionConfigurationPlatforms) = preSolution
		Debug|Any CPU = Debug|Any CPU
		Release|Any CPU = Release|Any CPU
	EndGlobalSection
	GlobalSection(ProjectConfigurationPlatforms) = postSolution
		{92F99EF2-C34B-C13F-E840-53AB949BBA76}.Debug|Any CPU.ActiveCfg = Debug|Any CPU
		{92F99EF2-C34B-C13F-E840-53AB949BBA76}.Debug|Any CPU.Build.0 = Debug|Any CPU
		{92F99EF2-C34B-C13F-E840-53AB949BBA76}.Release|Any CPU.ActiveCfg = Release|Any CPU
		{92F99EF2-C34B-C13F-E840-53AB949BBA76}.Release|Any CPU.Build.0 = Release|Any CPU
		{AAF70437-5CCF-8689-65D8-5D13FB43B5AD}.Debug|Any CPU.ActiveCfg = Debug|Any CPU
		{AAF70437-5CCF-8689-65D8-5D13FB43B5AD}.Debug|Any CPU.Build.0 = Debug|Any CPU
		{AAF70437-5CCF-8689-65D8-5D13FB43B5AD}.Release|Any CPU.ActiveCfg = Release|Any CPU
		{AAF70437-5CCF-8689-65D8-5D13FB43B5AD}.Release|Any CPU.Build.0 = Release|Any CPU
		{FA39FDC7-D43B-5FEC-DE4A-662A037DE886}.Debug|Any CPU.ActiveCfg = Debug|Any CPU
		{FA39FDC7-D43B-5FEC-DE4A-662A037DE886}.Debug|Any CPU.Build.0 = Debug|Any CPU
		{FA39FDC7-D43B-5FEC-DE4A-662A037DE886}.Release|Any CPU.ActiveCfg = Release|Any CPU
		{FA39FDC7-D43B-5FEC-DE4A-662A037DE886}.Release|Any CPU.Build.0 = Release|Any CPU
	EndGlobalSection
	GlobalSection(SolutionProperties) = preSolution
		HideSolutionNode = FALSE
	EndGlobalSection
EndGlobal
